<?xml version="1.0" encoding="utf-8"?>
<Project ToolsVersion="4.0" xmlns="http://schemas.microsoft.com/developer/msbuild/2003">
  <ItemGroup>
    <Filter Include="Public">
      <UniqueIdentifier>{a7ebb9f9-768f-4c89-a071-8e07cc2460c8}</UniqueIdentifier>
    </Filter>
    <Filter Include="Private">
      <UniqueIdentifier>{a41b2a94-a239-41ad-a531-eb12d5371e2e}</UniqueIdentifier>
    </Filter>
    <Filter Include="Private\Pch">
      <UniqueIdentifier>{7e4d995f-c68c-4f30-83c3-156ea2ffc5c1}</UniqueIdentifier>
    </Filter>
  </ItemGroup>
  <ItemGroup>
    <ClInclude Include="stdafx.h">
      <Filter>Private\Pch</Filter>
    </ClInclude>
    <ClInclude Include="targetver.h">
      <Filter>Private\Pch</Filter>
    </ClInclude>
    <ClInclude Include="Packet.h">
      <Filter>Private</Filter>
    </ClInclude>
    <ClInclude Include="PacketHandler.h">
      <Filter>Private</Filter>
    </ClInclude>
    <ClInclude Include="TableManager.h">
      <Filter>Private</Filter>
    </ClInclude>
    <ClInclude Include="SevenPoker.h">
      <Filter>Public</Filter>
    </ClInclude>
    <ClInclude Include="SevenPokerTable.h">
      <Filter>Private</Filter>
    </ClInclude>
    <ClInclude Include="SevenPokerPlayer.h">
      <Filter>Private</Filter>
    </ClInclude>
  </ItemGroup>
  <ItemGroup>
    <ClCompile Include="stdafx.cpp">
      <Filter>Private\Pch</Filter>
    </ClCompile>
    <ClCompile Include="TableManager.cpp">
      <Filter>Private</Filter>
    </ClCompile>
    <ClCompile Include="PacketHandler.cpp">
      <Filter>Private</Filter>
    </ClCompile>
    <ClCompile Include="Packet.cpp">
      <Filter>Private</Filter>
    </ClCompile>
    <ClCompile Include="SevenPoker.cpp">
      <Filter>Private</Filter>
    </ClCompile>
    <ClCompile Include="SevenPokerTable.cpp">
      <Filter>Private</Filter>
    </ClCompile>
    <ClCompile Include="SevenPokerPlayer.cpp">
      <Filter>Private</Filter>
    </ClCompile>
  </ItemGroup>
  <ItemGroup>
    <None Include="packages.config" />
  </ItemGroup>
</Project>