
Microsoft Visual Studio Solution File, Format Version 12.00
# Visual Studio 15
VisualStudioVersion = 15.0.28307.852
MinimumVisualStudioVersion = 10.0.40219.1
Project("{8BC9CEB8-8B4A-11D0-8D11-00A0C91BC942}") = "Pay", "Pay\Pay.vcxproj", "{BE0C9AA8-4880-4730-86C8-876B0FC25A90}"
EndProject
Project("{8BC9CEB8-8B4A-11D0-8D11-00A0C91BC942}") = "Utility", "Utility\Utility.vcxproj", "{B8393047-67B4-4083-B2BB-93644859CF7B}"
EndProject
Project("{8BC9CEB8-8B4A-11D0-8D11-00A0C91BC942}") = "SevenPoker", "SevenPoker\SevenPoker.vcxproj", "{C75DD9B4-2A25-4312-95AB-FDBF547F7D25}"
EndProject
Project("{8BC9CEB8-8B4A-11D0-8D11-00A0C91BC942}") = "LowBadugi", "LowBadugi\LowBadugi.vcxproj", "{8EFA94A2-3B95-41DF-AE4A-92C39B123D25}"
EndProject
Project("{8BC9CEB8-8B4A-11D0-8D11-00A0C91BC942}") = "Network", "Network\Network.vcxproj", "{2E8E3CC7-E9B5-4152-AB51-2B0B0AD6D7FE}"
EndProject
Project("{2150E333-8FDC-42A3-9474-1A3956D46DE8}") = "Core", "Core", "{4E254AAF-C15B-4053-8CD1-8FB83B5F9A02}"
EndProject
Project("{2150E333-8FDC-42A3-9474-1A3956D46DE8}") = "Game", "Game", "{FD7BD342-B045-4583-B6A4-F062FBFA3335}"
EndProject
Project("{8BC9CEB8-8B4A-11D0-8D11-00A0C91BC942}") = "Server", "Server\Server.vcxproj", "{8EB1FF4A-6FBE-46DD-B7A0-88DD34A0D63E}"
EndProject
Global
	GlobalSection(SolutionConfigurationPlatforms) = preSolution
		Debug|x64 = Debug|x64
		Release|x64 = Release|x64
	EndGlobalSection
	GlobalSection(ProjectConfigurationPlatforms) = postSolution
		{BE0C9AA8-4880-4730-86C8-876B0FC25A90}.Debug|x64.ActiveCfg = Debug|x64
		{BE0C9AA8-4880-4730-86C8-876B0FC25A90}.Debug|x64.Build.0 = Debug|x64
		{BE0C9AA8-4880-4730-86C8-876B0FC25A90}.Release|x64.ActiveCfg = Release|x64
		{BE0C9AA8-4880-4730-86C8-876B0FC25A90}.Release|x64.Build.0 = Release|x64
		{B8393047-67B4-4083-B2BB-93644859CF7B}.Debug|x64.ActiveCfg = Debug|x64
		{B8393047-67B4-4083-B2BB-93644859CF7B}.Debug|x64.Build.0 = Debug|x64
		{B8393047-67B4-4083-B2BB-93644859CF7B}.Release|x64.ActiveCfg = Release|x64
		{B8393047-67B4-4083-B2BB-93644859CF7B}.Release|x64.Build.0 = Release|x64
		{C75DD9B4-2A25-4312-95AB-FDBF547F7D25}.Debug|x64.ActiveCfg = Debug|x64
		{C75DD9B4-2A25-4312-95AB-FDBF547F7D25}.Debug|x64.Build.0 = Debug|x64
		{C75DD9B4-2A25-4312-95AB-FDBF547F7D25}.Release|x64.ActiveCfg = Release|x64
		{C75DD9B4-2A25-4312-95AB-FDBF547F7D25}.Release|x64.Build.0 = Release|x64
		{8EFA94A2-3B95-41DF-AE4A-92C39B123D25}.Debug|x64.ActiveCfg = Debug|x64
		{8EFA94A2-3B95-41DF-AE4A-92C39B123D25}.Debug|x64.Build.0 = Debug|x64
		{8EFA94A2-3B95-41DF-AE4A-92C39B123D25}.Release|x64.ActiveCfg = Release|x64
		{8EFA94A2-3B95-41DF-AE4A-92C39B123D25}.Release|x64.Build.0 = Release|x64
		{2E8E3CC7-E9B5-4152-AB51-2B0B0AD6D7FE}.Debug|x64.ActiveCfg = Debug|x64
		{2E8E3CC7-E9B5-4152-AB51-2B0B0AD6D7FE}.Debug|x64.Build.0 = Debug|x64
		{2E8E3CC7-E9B5-4152-AB51-2B0B0AD6D7FE}.Release|x64.ActiveCfg = Release|x64
		{2E8E3CC7-E9B5-4152-AB51-2B0B0AD6D7FE}.Release|x64.Build.0 = Release|x64
		{8EB1FF4A-6FBE-46DD-B7A0-88DD34A0D63E}.Debug|x64.ActiveCfg = Debug|x64
		{8EB1FF4A-6FBE-46DD-B7A0-88DD34A0D63E}.Debug|x64.Build.0 = Debug|x64
		{8EB1FF4A-6FBE-46DD-B7A0-88DD34A0D63E}.Release|x64.ActiveCfg = Release|x64
		{8EB1FF4A-6FBE-46DD-B7A0-88DD34A0D63E}.Release|x64.Build.0 = Release|x64
	EndGlobalSection
	GlobalSection(SolutionProperties) = preSolution
		HideSolutionNode = FALSE
	EndGlobalSection
	GlobalSection(NestedProjects) = preSolution
		{BE0C9AA8-4880-4730-86C8-876B0FC25A90} = {FD7BD342-B045-4583-B6A4-F062FBFA3335}
		{B8393047-67B4-4083-B2BB-93644859CF7B} = {4E254AAF-C15B-4053-8CD1-8FB83B5F9A02}
		{C75DD9B4-2A25-4312-95AB-FDBF547F7D25} = {FD7BD342-B045-4583-B6A4-F062FBFA3335}
		{8EFA94A2-3B95-41DF-AE4A-92C39B123D25} = {FD7BD342-B045-4583-B6A4-F062FBFA3335}
		{2E8E3CC7-E9B5-4152-AB51-2B0B0AD6D7FE} = {4E254AAF-C15B-4053-8CD1-8FB83B5F9A02}
		{8EB1FF4A-6FBE-46DD-B7A0-88DD34A0D63E} = {FD7BD342-B045-4583-B6A4-F062FBFA3335}
	EndGlobalSection
	GlobalSection(ExtensibilityGlobals) = postSolution
		SolutionGuid = {6C2284EA-AEBA-4330-9D0F-CE2FC8D788A9}
	EndGlobalSection
EndGlobal
