<?xml version="1.0" encoding="utf-8"?>
<Project ToolsVersion="4.0" xmlns="http://schemas.microsoft.com/developer/msbuild/2003">
  <ItemGroup>
    <Filter Include="Public">
      <UniqueIdentifier>{23e35a15-77e3-4ef3-a7ef-21a6c80db4b8}</UniqueIdentifier>
    </Filter>
    <Filter Include="Private">
      <UniqueIdentifier>{4016ac14-6c78-40b7-a38f-def9663eaf4c}</UniqueIdentifier>
    </Filter>
    <Filter Include="Private\Pch">
      <UniqueIdentifier>{e89592d7-be43-4b83-9938-e051f3e78652}</UniqueIdentifier>
    </Filter>
  </ItemGroup>
  <ItemGroup>
    <ClInclude Include="targetver.h">
      <Filter>Private\Pch</Filter>
    </ClInclude>
    <ClInclude Include="stdafx.h">
      <Filter>Private\Pch</Filter>
    </ClInclude>
    <ClInclude Include="GameSession.h">
      <Filter>Public</Filter>
    </ClInclude>
    <ClInclude Include="GameServer.h">
      <Filter>Public</Filter>
    </ClInclude>
  </ItemGroup>
  <ItemGroup>
    <ClCompile Include="stdafx.cpp">
      <Filter>Private\Pch</Filter>
    </ClCompile>
    <ClCompile Include="GameSession.cpp">
      <Filter>Private</Filter>
    </ClCompile>
    <ClCompile Include="GameServer.cpp">
      <Filter>Private</Filter>
    </ClCompile>
  </ItemGroup>
  <ItemGroup>
    <None Include="packages.config" />
  </ItemGroup>
</Project>