<?xml version="1.0" encoding="utf-8"?>
<Project ToolsVersion="4.0" xmlns="http://schemas.microsoft.com/developer/msbuild/2003">
  <ItemGroup>
    <Filter Include="Header Files">
      <UniqueIdentifier>{93995380-89BD-4b04-88EB-625FBE52EBFB}</UniqueIdentifier>
      <Extensions>h;hh;hpp;hxx;hm;inl;inc;ipp;xsd</Extensions>
    </Filter>
    <Filter Include="Public">
      <UniqueIdentifier>{a2bc5785-ff50-4302-94f2-7d9b9da356f4}</UniqueIdentifier>
    </Filter>
    <Filter Include="Private">
      <UniqueIdentifier>{acc678e0-12a8-4c93-95b8-736406cd9b7e}</UniqueIdentifier>
    </Filter>
  </ItemGroup>
  <ItemGroup>
    <ClInclude Include="stdafx.h">
      <Filter>Private</Filter>
    </ClInclude>
    <ClInclude Include="targetver.h">
      <Filter>Private</Filter>
    </ClInclude>
    <ClInclude Include="json11.hpp">
      <Filter>Public</Filter>
    </ClInclude>
  </ItemGroup>
  <ItemGroup>
    <ClCompile Include="stdafx.cpp">
      <Filter>Private</Filter>
    </ClCompile>
    <ClCompile Include="json11.cpp">
      <Filter>Private</Filter>
    </ClCompile>
  </ItemGroup>
</Project>